
Microsoft Visual Studio Solution File, Format Version 12.00
# Visual Studio Version 17
VisualStudioVersion = 17.14.36109.1 d17.14
MinimumVisualStudioVersion = 10.0.40219.1
Project("{FAE04EC0-301F-11D3-BF4B-00C04F79EFBC}") = "Patterns Lab1", "Patterns Lab1\Patterns Lab1.csproj", "{C07FFB78-0403-4B49-95EE-EB02E4FDFEE1}"
EndProject
Global
	GlobalSection(SolutionConfigurationPlatforms) = preSolution
		Debug|Any CPU = Debug|Any CPU
		Release|Any CPU = Release|Any CPU
	EndGlobalSection
	GlobalSection(ProjectConfigurationPlatforms) = postSolution
		{C07FFB78-0403-4B49-95EE-EB02E4FDFEE1}.Debug|Any CPU.ActiveCfg = Debug|Any CPU
		{C07FFB78-0403-4B49-95EE-EB02E4FDFEE1}.Debug|Any CPU.Build.0 = Debug|Any CPU
		{C07FFB78-0403-4B49-95EE-EB02E4FDFEE1}.Release|Any CPU.ActiveCfg = Release|Any CPU
		{C07FFB78-0403-4B49-95EE-EB02E4FDFEE1}.Release|Any CPU.Build.0 = Release|Any CPU
	EndGlobalSection
	GlobalSection(SolutionProperties) = preSolution
		HideSolutionNode = FALSE
	EndGlobalSection
	GlobalSection(ExtensibilityGlobals) = postSolution
		SolutionGuid = {F4EBE57C-4365-4788-9D24-AF3A5C314647}
	EndGlobalSection
EndGlobal
