
Microsoft Visual Studio Solution File, Format Version 12.00
# Visual Studio Version 17
VisualStudioVersion = 17.14.36109.1
MinimumVisualStudioVersion = 10.0.40219.1
Project("{FAE04EC0-301F-11D3-BF4B-00C04F79EFBC}") = "Lab 5 (Concurrency)", "Lab 5 (Concurrency)\Lab 5 (Concurrency).csproj", "{1B9E07E2-1D3D-4013-A324-AA69F6C86FC8}"
EndProject
Project("{FAE04EC0-301F-11D3-BF4B-00C04F79EFBC}") = "ClassLib", "..\Lab 1 (Reflection)\ClassLib\ClassLib.csproj", "{55D5202D-7BE2-39BA-1A2C-B5CA792B6FCC}"
EndProject
Global
	GlobalSection(SolutionConfigurationPlatforms) = preSolution
		Debug|Any CPU = Debug|Any CPU
		Release|Any CPU = Release|Any CPU
	EndGlobalSection
	GlobalSection(ProjectConfigurationPlatforms) = postSolution
		{1B9E07E2-1D3D-4013-A324-AA69F6C86FC8}.Debug|Any CPU.ActiveCfg = Debug|Any CPU
		{1B9E07E2-1D3D-4013-A324-AA69F6C86FC8}.Debug|Any CPU.Build.0 = Debug|Any CPU
		{1B9E07E2-1D3D-4013-A324-AA69F6C86FC8}.Release|Any CPU.ActiveCfg = Release|Any CPU
		{1B9E07E2-1D3D-4013-A324-AA69F6C86FC8}.Release|Any CPU.Build.0 = Release|Any CPU
		{55D5202D-7BE2-39BA-1A2C-B5CA792B6FCC}.Debug|Any CPU.ActiveCfg = Debug|Any CPU
		{55D5202D-7BE2-39BA-1A2C-B5CA792B6FCC}.Debug|Any CPU.Build.0 = Debug|Any CPU
		{55D5202D-7BE2-39BA-1A2C-B5CA792B6FCC}.Release|Any CPU.ActiveCfg = Release|Any CPU
		{55D5202D-7BE2-39BA-1A2C-B5CA792B6FCC}.Release|Any CPU.Build.0 = Release|Any CPU
	EndGlobalSection
	GlobalSection(SolutionProperties) = preSolution
		HideSolutionNode = FALSE
	EndGlobalSection
	GlobalSection(ExtensibilityGlobals) = postSolution
		SolutionGuid = {A1E321D9-F55D-4950-9FE7-96BAEC328442}
	EndGlobalSection
EndGlobal
